Microsoft Visual Studio Solution File, Format Version 12.00
# Visual Studio Version 18
VisualStudioVersion = 18.6.11806.211
MinimumVisualStudioVersion = 10.0.40219.1
Project("{FAE04EC0-301F-11D3-BF4B-00C04F79EFBC}") = "Veterinaria.Domain", "Veterinaria.Domain\Veterinaria.Domain.csproj", "{1205DA22-5D7D-4CAF-A93B-C1C48EDB0462}"
EndProject
Project("{FAE04EC0-301F-11D3-BF4B-00C04F79EFBC}") = "Veterinaria.Infrastructure", "Veterinaria.Infrastructure\Veterinaria.Infrastructure.csproj", "{ACFED5BD-C13E-4DAB-91E9-3E0F7CA4CDE5}"
EndProject
Project("{FAE04EC0-301F-11D3-BF4B-00C04F79EFBC}") = "Veterinaria.Web", "Veterinaria.Web\Veterinaria.Web.csproj", "{A7915670-3BEE-4309-B60D-89D1BC0A3C9D}"
EndProject
Project("{FAE04EC0-301F-11D3-BF4B-00C04F79EFBC}") = "Veterinaria.Application", "Veterinaria.Application\Veterinaria.Application.csproj", "{0335FE89-414C-4630-A01D-FCE3A5F99723}"
EndProject
Project("{FAE04EC0-301F-11D3-BF4B-00C04F79EFBC}") = "Veterinaria.Tests.Unitarias", "Veterinaria.Tests\Veterinaria.Tests.Unitarias.csproj", "{CE3FF9CD-B67D-460B-883F-31C7AE55CD40}"
EndProject
Project("{FAE04EC0-301F-11D3-BF4B-00C04F79EFBC}") = "Veterinaria.Tests.Integration", "Veterinaria.Tests.Integration\Veterinaria.Tests.Integration.csproj", "{D3D38728-70CE-4A26-BEDE-9ABBF4578AA5}"
EndProject
Global
	GlobalSection(SolutionConfigurationPlatforms) = preSolution
		Debug|Any CPU = Debug|Any CPU
		Debug|x64 = Debug|x64
		Debug|x86 = Debug|x86
		Release|Any CPU = Release|Any CPU
		Release|x64 = Release|x64
		Release|x86 = Release|x86
	EndGlobalSection
	GlobalSection(ProjectConfigurationPlatforms) = postSolution
		{1205DA22-5D7D-4CAF-A93B-C1C48EDB0462}.Debug|Any CPU.ActiveCfg = Debug|Any CPU
		{1205DA22-5D7D-4CAF-A93B-C1C48EDB0462}.Debug|Any CPU.Build.0 = Debug|Any CPU
		{1205DA22-5D7D-4CAF-A93B-C1C48EDB0462}.Debug|x64.ActiveCfg = Debug|Any CPU
		{1205DA22-5D7D-4CAF-A93B-C1C48EDB0462}.Debug|x64.Build.0 = Debug|Any CPU
		{1205DA22-5D7D-4CAF-A93B-C1C48EDB0462}.Debug|x86.ActiveCfg = Debug|Any CPU
		{1205DA22-5D7D-4CAF-A93B-C1C48EDB0462}.Debug|x86.Build.0 = Debug|Any CPU
		{1205DA22-5D7D-4CAF-A93B-C1C48EDB0462}.Release|Any CPU.ActiveCfg = Release|Any CPU
		{1205DA22-5D7D-4CAF-A93B-C1C48EDB0462}.Release|Any CPU.Build.0 = Release|Any CPU
		{1205DA22-5D7D-4CAF-A93B-C1C48EDB0462}.Release|x64.ActiveCfg = Release|Any CPU
		{1205DA22-5D7D-4CAF-A93B-C1C48EDB0462}.Release|x64.Build.0 = Release|Any CPU
		{1205DA22-5D7D-4CAF-A93B-C1C48EDB0462}.Release|x86.ActiveCfg = Release|Any CPU
		{1205DA22-5D7D-4CAF-A93B-C1C48EDB0462}.Release|x86.Build.0 = Release|Any CPU
		{ACFED5BD-C13E-4DAB-91E9-3E0F7CA4CDE5}.Debug|Any CPU.ActiveCfg = Debug|Any CPU
		{ACFED5BD-C13E-4DAB-91E9-3E0F7CA4CDE5}.Debug|Any CPU.Build.0 = Debug|Any CPU
		{ACFED5BD-C13E-4DAB-91E9-3E0F7CA4CDE5}.Debug|x64.ActiveCfg = Debug|Any CPU
		{ACFED5BD-C13E-4DAB-91E9-3E0F7CA4CDE5}.Debug|x64.Build.0 = Debug|Any CPU
		{ACFED5BD-C13E-4DAB-91E9-3E0F7CA4CDE5}.Debug|x86.ActiveCfg = Debug|Any CPU
		{ACFED5BD-C13E-4DAB-91E9-3E0F7CA4CDE5}.Debug|x86.Build.0 = Debug|Any CPU
		{ACFED5BD-C13E-4DAB-91E9-3E0F7CA4CDE5}.Release|Any CPU.ActiveCfg = Release|Any CPU
		{ACFED5BD-C13E-4DAB-91E9-3E0F7CA4CDE5}.Release|Any CPU.Build.0 = Release|Any CPU
		{ACFED5BD-C13E-4DAB-91E9-3E0F7CA4CDE5}.Release|x64.ActiveCfg = Release|Any CPU
		{ACFED5BD-C13E-4DAB-91E9-3E0F7CA4CDE5}.Release|x64.Build.0 = Release|Any CPU
		{ACFED5BD-C13E-4DAB-91E9-3E0F7CA4CDE5}.Release|x86.ActiveCfg = Release|Any CPU
		{ACFED5BD-C13E-4DAB-91E9-3E0F7CA4CDE5}.Release|x86.Build.0 = Release|Any CPU
		{A7915670-3BEE-4309-B60D-89D1BC0A3C9D}.Debug|Any CPU.ActiveCfg = Debug|Any CPU
		{A7915670-3BEE-4309-B60D-89D1BC0A3C9D}.Debug|Any CPU.Build.0 = Debug|Any CPU
		{A7915670-3BEE-4309-B60D-89D1BC0A3C9D}.Debug|x64.ActiveCfg = Debug|Any CPU
		{A7915670-3BEE-4309-B60D-89D1BC0A3C9D}.Debug|x64.Build.0 = Debug|Any CPU
		{A7915670-3BEE-4309-B60D-89D1BC0A3C9D}.Debug|x86.ActiveCfg = Debug|Any CPU
		{A7915670-3BEE-4309-B60D-89D1BC0A3C9D}.Debug|x86.Build.0 = Debug|Any CPU
		{A7915670-3BEE-4309-B60D-89D1BC0A3C9D}.Release|Any CPU.ActiveCfg = Release|Any CPU
		{A7915670-3BEE-4309-B60D-89D1BC0A3C9D}.Release|Any CPU.Build.0 = Release|Any CPU
		{A7915670-3BEE-4309-B60D-89D1BC0A3C9D}.Release|x64.ActiveCfg = Release|Any CPU
		{A7915670-3BEE-4309-B60D-89D1BC0A3C9D}.Release|x64.Build.0 = Release|Any CPU
		{A7915670-3BEE-4309-B60D-89D1BC0A3C9D}.Release|x86.ActiveCfg = Release|Any CPU
		{A7915670-3BEE-4309-B60D-89D1BC0A3C9D}.Release|x86.Build.0 = Release|Any CPU
		{0335FE89-414C-4630-A01D-FCE3A5F99723}.Debug|Any CPU.ActiveCfg = Debug|Any CPU
		{0335FE89-414C-4630-A01D-FCE3A5F99723}.Debug|Any CPU.Build.0 = Debug|Any CPU
		{0335FE89-414C-4630-A01D-FCE3A5F99723}.Debug|x64.ActiveCfg = Debug|Any CPU
		{0335FE89-414C-4630-A01D-FCE3A5F99723}.Debug|x64.Build.0 = Debug|Any CPU
		{0335FE89-414C-4630-A01D-FCE3A5F99723}.Debug|x86.ActiveCfg = Debug|Any CPU
		{0335FE89-414C-4630-A01D-FCE3A5F99723}.Debug|x86.Build.0 = Debug|Any CPU
		{0335FE89-414C-4630-A01D-FCE3A5F99723}.Release|Any CPU.ActiveCfg = Release|Any CPU
		{0335FE89-414C-4630-A01D-FCE3A5F99723}.Release|Any CPU.Build.0 = Release|Any CPU
		{0335FE89-414C-4630-A01D-FCE3A5F99723}.Release|x64.ActiveCfg = Release|Any CPU
		{0335FE89-414C-4630-A01D-FCE3A5F99723}.Release|x64.Build.0 = Release|Any CPU
		{0335FE89-414C-4630-A01D-FCE3A5F99723}.Release|x86.ActiveCfg = Release|Any CPU
		{0335FE89-414C-4630-A01D-FCE3A5F99723}.Release|x86.Build.0 = Release|Any CPU
		{CE3FF9CD-B67D-460B-883F-31C7AE55CD40}.Debug|Any CPU.ActiveCfg = Debug|Any CPU
		{CE3FF9CD-B67D-460B-883F-31C7AE55CD40}.Debug|Any CPU.Build.0 = Debug|Any CPU
		{CE3FF9CD-B67D-460B-883F-31C7AE55CD40}.Debug|x64.ActiveCfg = Debug|Any CPU
		{CE3FF9CD-B67D-460B-883F-31C7AE55CD40}.Debug|x64.Build.0 = Debug|Any CPU
		{CE3FF9CD-B67D-460B-883F-31C7AE55CD40}.Debug|x86.ActiveCfg = Debug|Any CPU
		{CE3FF9CD-B67D-460B-883F-31C7AE55CD40}.Debug|x86.Build.0 = Debug|Any CPU
		{CE3FF9CD-B67D-460B-883F-31C7AE55CD40}.Release|Any CPU.ActiveCfg = Release|Any CPU
		{CE3FF9CD-B67D-460B-883F-31C7AE55CD40}.Release|Any CPU.Build.0 = Release|Any CPU
		{CE3FF9CD-B67D-460B-883F-31C7AE55CD40}.Release|x64.ActiveCfg = Release|Any CPU
		{CE3FF9CD-B67D-460B-883F-31C7AE55CD40}.Release|x64.Build.0 = Release|Any CPU
		{CE3FF9CD-B67D-460B-883F-31C7AE55CD40}.Release|x86.ActiveCfg = Release|Any CPU
		{CE3FF9CD-B67D-460B-883F-31C7AE55CD40}.Release|x86.Build.0 = Release|Any CPU
		{D3D38728-70CE-4A26-BEDE-9ABBF4578AA5}.Debug|Any CPU.ActiveCfg = Debug|Any CPU
		{D3D38728-70CE-4A26-BEDE-9ABBF4578AA5}.Debug|Any CPU.Build.0 = Debug|Any CPU
		{D3D38728-70CE-4A26-BEDE-9ABBF4578AA5}.Debug|x64.ActiveCfg = Debug|Any CPU
		{D3D38728-70CE-4A26-BEDE-9ABBF4578AA5}.Debug|x64.Build.0 = Debug|Any CPU
		{D3D38728-70CE-4A26-BEDE-9ABBF4578AA5}.Debug|x86.ActiveCfg = Debug|Any CPU
		{D3D38728-70CE-4A26-BEDE-9ABBF4578AA5}.Debug|x86.Build.0 = Debug|Any CPU
		{D3D38728-70CE-4A26-BEDE-9ABBF4578AA5}.Release|Any CPU.ActiveCfg = Release|Any CPU
		{D3D38728-70CE-4A26-BEDE-9ABBF4578AA5}.Release|Any CPU.Build.0 = Release|Any CPU
		{D3D38728-70CE-4A26-BEDE-9ABBF4578AA5}.Release|x64.ActiveCfg = Release|Any CPU
		{D3D38728-70CE-4A26-BEDE-9ABBF4578AA5}.Release|x64.Build.0 = Release|Any CPU
		{D3D38728-70CE-4A26-BEDE-9ABBF4578AA5}.Release|x86.ActiveCfg = Release|Any CPU
		{D3D38728-70CE-4A26-BEDE-9ABBF4578AA5}.Release|x86.Build.0 = Release|Any CPU
	EndGlobalSection
	GlobalSection(SolutionProperties) = preSolution
		HideSolutionNode = FALSE
	EndGlobalSection
	GlobalSection(ExtensibilityGlobals) = postSolution
		SolutionGuid = {8345E8D1-E243-4C14-89BE-9262AB808ED6}
	EndGlobalSection
EndGlobal
